{
  "originHash" : "55de7fb47d176a015fdc2d7d0a652ff4a21c07650c25294ad2a93c9c8e874d0f",
  "pins" : [
    {
      "identity" : "sdsmacros",
      "kind" : "remoteSourceControl",
      "location" : "https://github.com/tyagishi/SDSMacros",
      "state" : {
        "revision" : "508529126d0b72069fadd2e14dc75d4900466cfa",
        "version" : "3.0.7"
      }
    },
    {
      "identity" : "swift-syntax",
      "kind" : "remoteSourceControl",
      "location" : "https://github.com/swiftlang/swift-syntax.git",
      "state" : {
        "revision" : "4799286537280063c85a32f09884cfbca301b1a1",
        "version" : "602.0.0"
      }
    }
  ],
  "version" : 3
}
